# This file is automatically @generated by Poetry 1.8.3 and should not be changed by hand.

[[package]]
name = "python-json-logger"
version = "2.0.7"
description = "A python library adding a json log formatter"
optional = false
python-versions = ">=3.6"
files = [
    {file = "python-json-logger-2.0.7.tar.gz", hash = "sha256:23e7ec02d34237c5aa1e29a070193a4ea87583bb4e7f8fd06d3de8264c4b2e1c"},
    {file = "python_json_logger-2.0.7-py3-none-any.whl", hash = "sha256:f380b826a991ebbe3de4d897aeec42760035ac760345e57b812938dc8b35e2bd"},
]

[[package]]
name = "shared-py-log"
version = "1.0.0"
description = "Automatically generated by Nx."
optional = false
python-versions = "^3.10"
files = []
develop = true

[package.dependencies]
python-json-logger = "^2.0.7"

[package.source]
type = "directory"
url = "../shared/py-log"

[metadata]
lock-version = "2.0"
python-versions = "^3.10"
content-hash = "bed4a816b7219ecdbb28023f21669e54fc419bde6140c0ec6193376a81d32473"
